// !$*UTF8*$!
{
	archiveVersion = 1;
	classes = {
	};
	objectVersion = 77;
	objects = {

/* Begin PBXBuildFile section */
		0407AE8E2E4CCE4200325366 /* DependencyInjection in Frameworks */ = {isa = PBXBuildFile; productRef = 0407AE8D2E4CCE4200325366 /* DependencyInjection */; };
/* End PBXBuildFile section */

/* Begin PBXContainerItemProxy section */
		0407AE702E4CCDDD00325366 /* PBXContainerItemProxy */ = {
			isa = PBXContainerItemProxy;
			containerPortal = 0407AE582E4CCDDB00325366 /* Project object */;
			proxyType = 1;
			remoteGlobalIDString = 0407AE5F2E4CCDDB00325366;
			remoteInfo = CombatManager;
		};
		0407AE7A2E4CCDDD00325366 /* PBXContainerItemProxy */ = {
			isa = PBXContainerItemProxy;
			containerPortal = 0407AE582E4CCDDB00325366 /* Project object */;
			proxyType = 1;
			remoteGlobalIDString = 0407AE5F2E4CCDDB00325366;
			remoteInfo = CombatManager;
		};
/* End PBXContainerItemProxy section */

/* Begin PBXFileReference section */
		0407AE602E4CCDDB00325366 /* CombatManager.app */ = {isa = PBXFileReference; explicitFileType = wrapper.application; includeInIndex = 0; path = CombatManager.app; sourceTree = BUILT_PRODUCTS_DIR; };
		0407AE6F2E4CCDDD00325366 /* CombatManagerTests.xctest */ = {isa = PBXFileReference; explicitFileType = wrapper.cfbundle; includeInIndex = 0; path = CombatManagerTests.xctest; sourceTree = BUILT_PRODUCTS_DIR; };
		0407AE792E4CCDDD00325366 /* CombatManagerUITests.xctest */ = {isa = PBXFileReference; explicitFileType = wrapper.cfbundle; includeInIndex = 0; path = CombatManagerUITests.xctest; sourceTree = BUILT_PRODUCTS_DIR; };
/* End PBXFileReference section */

/* Begin PBXFileSystemSynchronizedRootGroup section */
		0407AE622E4CCDDB00325366 /* CombatManager */ = {
			isa = PBXFileSystemSynchronizedRootGroup;
			path = CombatManager;
			sourceTree = "<group>";
		};
		0407AE722E4CCDDD00325366 /* CombatManagerTests */ = {
			isa = PBXFileSystemSynchronizedRootGroup;
			path = CombatManagerTests;
			sourceTree = "<group>";
		};
		0407AE7C2E4CCDDD00325366 /* CombatManagerUITests */ = {
			isa = PBXFileSystemSynchronizedRootGroup;
			path = CombatManagerUITests;
			sourceTree = "<group>";
		};
/* End PBXFileSystemSynchronizedRootGroup section */

/* Begin PBXFrameworksBuildPhase section */
		0407AE5D2E4CCDDB00325366 /* Frameworks */ = {
			isa = PBXFrameworksBuildPhase;
			buildActionMask = 2147483647;
			files = (
				0407AE8E2E4CCE4200325366 /* DependencyInjection in Frameworks */,
			);
			runOnlyForDeploymentPostprocessing = 0;
		};
		0407AE6C2E4CCDDD00325366 /* Frameworks */ = {
			isa = PBXFrameworksBuildPhase;
			buildActionMask = 2147483647;
			files = (
			);
			runOnlyForDeploymentPostprocessing = 0;
		};
		0407AE762E4CCDDD00325366 /* Frameworks */ = {
			isa = PBXFrameworksBuildPhase;
			buildActionMask = 2147483647;
			files = (
			);
			runOnlyForDeploymentPostprocessing = 0;
		};
/* End PBXFrameworksBuildPhase section */

/* Begin PBXGroup section */
		0407AE572E4CCDDB00325366 = {
			isa = PBXGroup;
			children = (
				0407AE622E4CCDDB00325366 /* CombatManager */,
				0407AE722E4CCDDD00325366 /* CombatManagerTests */,
				0407AE7C2E4CCDDD00325366 /* CombatManagerUITests */,
				0407AE612E4CCDDB00325366 /* Products */,
			);
			sourceTree = "<group>";
		};
		0407AE612E4CCDDB00325366 /* Products */ = {
			isa = PBXGroup;
			children = (
				0407AE602E4CCDDB00325366 /* CombatManager.app */,
				0407AE6F2E4CCDDD00325366 /* CombatManagerTests.xctest */,
				0407AE792E4CCDDD00325366 /* CombatManagerUITests.xctest */,
			);
			name = Products;
			sourceTree = "<group>";
		};
/* End PBXGroup section */

/* Begin PBXNativeTarget section */
		0407AE5F2E4CCDDB00325366 /* CombatManager */ = {
			isa = PBXNativeTarget;
			buildConfigurationList = 0407AE832E4CCDDD00325366 /* Build configuration list for PBXNativeTarget "CombatManager" */;
			buildPhases = (
				0407AE5C2E4CCDDB00325366 /* Sources */,
				0407AE5D2E4CCDDB00325366 /* Frameworks */,
				0407AE5E2E4CCDDB00325366 /* Resources */,
			);
			buildRules = (
			);
			dependencies = (
			);
			fileSystemSynchronizedGroups = (
				0407AE622E4CCDDB00325366 /* CombatManager */,
			);
			name = CombatManager;
			packageProductDependencies = (
				0407AE8D2E4CCE4200325366 /* DependencyInjection */,
			);
			productName = CombatManager;
			productReference = 0407AE602E4CCDDB00325366 /* CombatManager.app */;
			productType = "com.apple.product-type.application";
		};
		0407AE6E2E4CCDDD00325366 /* CombatManagerTests */ = {
			isa = PBXNativeTarget;
			buildConfigurationList = 0407AE862E4CCDDD00325366 /* Build configuration list for PBXNativeTarget "CombatManagerTests" */;
			buildPhases = (
				0407AE6B2E4CCDDD00325366 /* Sources */,
				0407AE6C2E4CCDDD00325366 /* Frameworks */,
				0407AE6D2E4CCDDD00325366 /* Resources */,
			);
			buildRules = (
			);
			dependencies = (
				0407AE712E4CCDDD00325366 /* PBXTargetDependency */,
			);
			fileSystemSynchronizedGroups = (
				0407AE722E4CCDDD00325366 /* CombatManagerTests */,
			);
			name = CombatManagerTests;
			packageProductDependencies = (
			);
			productName = CombatManagerTests;
			productReference = 0407AE6F2E4CCDDD00325366 /* CombatManagerTests.xctest */;
			productType = "com.apple.product-type.bundle.unit-test";
		};
		0407AE782E4CCDDD00325366 /* CombatManagerUITests */ = {
			isa = PBXNativeTarget;
			buildConfigurationList = 0407AE892E4CCDDD00325366 /* Build configuration list for PBXNativeTarget "CombatManagerUITests" */;
			buildPhases = (
				0407AE752E4CCDDD00325366 /* Sources */,
				0407AE762E4CCDDD00325366 /* Frameworks */,
				0407AE772E4CCDDD00325366 /* Resources */,
			);
			buildRules = (
			);
			dependencies = (
				0407AE7B2E4CCDDD00325366 /* PBXTargetDependency */,
			);
			fileSystemSynchronizedGroups = (
				0407AE7C2E4CCDDD00325366 /* CombatManagerUITests */,
			);
			name = CombatManagerUITests;
			packageProductDependencies = (
			);
			productName = CombatManagerUITests;
			productReference = 0407AE792E4CCDDD00325366 /* CombatManagerUITests.xctest */;
			productType = "com.apple.product-type.bundle.ui-testing";
		};
/* End PBXNativeTarget section */

/* Begin PBXProject section */
		0407AE582E4CCDDB00325366 /* Project object */ = {
			isa = PBXProject;
			attributes = {
				BuildIndependentTargetsInParallel = 1;
				LastSwiftUpdateCheck = 2600;
				LastUpgradeCheck = 2600;
				TargetAttributes = {
					0407AE5F2E4CCDDB00325366 = {
						CreatedOnToolsVersion = 26.0;
					};
					0407AE6E2E4CCDDD00325366 = {
						CreatedOnToolsVersion = 26.0;
						TestTargetID = 0407AE5F2E4CCDDB00325366;
					};
					0407AE782E4CCDDD00325366 = {
						CreatedOnToolsVersion = 26.0;
						TestTargetID = 0407AE5F2E4CCDDB00325366;
					};
				};
			};
			buildConfigurationList = 0407AE5B2E4CCDDB00325366 /* Build configuration list for PBXProject "CombatManager" */;
			developmentRegion = en;
			hasScannedForEncodings = 0;
			knownRegions = (
				en,
				Base,
			);
			mainGroup = 0407AE572E4CCDDB00325366;
			minimizedProjectReferenceProxies = 1;
			packageReferences = (
				0407AE8C2E4CCE4100325366 /* XCLocalSwiftPackageReference "../DependencyInjection" */,
			);
			preferredProjectObjectVersion = 77;
			productRefGroup = 0407AE612E4CCDDB00325366 /* Products */;
			projectDirPath = "";
			projectRoot = "";
			targets = (
				0407AE5F2E4CCDDB00325366 /* CombatManager */,
				0407AE6E2E4CCDDD00325366 /* CombatManagerTests */,
				0407AE782E4CCDDD00325366 /* CombatManagerUITests */,
			);
		};
/* End PBXProject section */

/* Begin PBXResourcesBuildPhase section */
		0407AE5E2E4CCDDB00325366 /* Resources */ = {
			isa = PBXResourcesBuildPhase;
			buildActionMask = 2147483647;
			files = (
			);
			runOnlyForDeploymentPostprocessing = 0;
		};
		0407AE6D2E4CCDDD00325366 /* Resources */ = {
			isa = PBXResourcesBuildPhase;
			buildActionMask = 2147483647;
			files = (
			);
			runOnlyForDeploymentPostprocessing = 0;
		};
		0407AE772E4CCDDD00325366 /* Resources */ = {
			isa = PBXResourcesBuildPhase;
			buildActionMask = 2147483647;
			files = (
			);
			runOnlyForDeploymentPostprocessing = 0;
		};
/* End PBXResourcesBuildPhase section */

/* Begin PBXSourcesBuildPhase section */
		0407AE5C2E4CCDDB00325366 /* Sources */ = {
			isa = PBXSourcesBuildPhase;
			buildActionMask = 2147483647;
			files = (
			);
			runOnlyForDeploymentPostprocessing = 0;
		};
		0407AE6B2E4CCDDD00325366 /* Sources */ = {
			isa = PBXSourcesBuildPhase;
			buildActionMask = 2147483647;
			files = (
			);
			runOnlyForDeploymentPostprocessing = 0;
		};
		0407AE752E4CCDDD00325366 /* Sources */ = {
			isa = PBXSourcesBuildPhase;
			buildActionMask = 2147483647;
			files = (
			);
			runOnlyForDeploymentPostprocessing = 0;
		};
/* End PBXSourcesBuildPhase section */

/* Begin PBXTargetDependency section */
		0407AE712E4CCDDD00325366 /* PBXTargetDependency */ = {
			isa = PBXTargetDependency;
			target = 0407AE5F2E4CCDDB00325366 /* CombatManager */;
			targetProxy = 0407AE702E4CCDDD00325366 /* PBXContainerItemProxy */;
		};
		0407AE7B2E4CCDDD00325366 /* PBXTargetDependency */ = {
			isa = PBXTargetDependency;
			target = 0407AE5F2E4CCDDB00325366 /* CombatManager */;
			targetProxy = 0407AE7A2E4CCDDD00325366 /* PBXContainerItemProxy */;
		};
/* End PBXTargetDependency section */

/* Begin XCBuildConfiguration section */
		0407AE812E4CCDDD00325366 /* Debug */ = {
			isa = XCBuildConfiguration;
			buildSettings = {
				ALWAYS_SEARCH_USER_PATHS = NO;
				ASSETCATALOG_COMPILER_GENERATE_SWIFT_ASSET_SYMBOL_EXTENSIONS = YES;
				CLANG_ANALYZER_NONNULL = YES;
				CLANG_ANALYZER_NUMBER_OBJECT_CONVERSION = YES_AGGRESSIVE;
				CLANG_CXX_LANGUAGE_STANDARD = "gnu++20";
				CLANG_ENABLE_MODULES = YES;
				CLANG_ENABLE_OBJC_ARC = YES;
				CLANG_ENABLE_OBJC_WEAK = YES;
				CLANG_WARN_BLOCK_CAPTURE_AUTORELEASING = YES;
				CLANG_WARN_BOOL_CONVERSION = YES;
				CLANG_WARN_COMMA = YES;
				CLANG_WARN_CONSTANT_CONVERSION = YES;
				CLANG_WARN_DEPRECATED_OBJC_IMPLEMENTATIONS = YES;
				CLANG_WARN_DIRECT_OBJC_ISA_USAGE = YES_ERROR;
				CLANG_WARN_DOCUMENTATION_COMMENTS = YES;
				CLANG_WARN_EMPTY_BODY = YES;
				CLANG_WARN_ENUM_CONVERSION = YES;
				CLANG_WARN_INFINITE_RECURSION = YES;
				CLANG_WARN_INT_CONVERSION = YES;
				CLANG_WARN_NON_LITERAL_NULL_CONVERSION = YES;
				CLANG_WARN_OBJC_IMPLICIT_RETAIN_SELF = YES;
				CLANG_WARN_OBJC_LITERAL_CONVERSION = YES;
				CLANG_WARN_OBJC_ROOT_CLASS = YES_ERROR;
				CLANG_WARN_QUOTED_INCLUDE_IN_FRAMEWORK_HEADER = YES;
				CLANG_WARN_RANGE_LOOP_ANALYSIS = YES;
				CLANG_WARN_STRICT_PROTOTYPES = YES;
				CLANG_WARN_SUSPICIOUS_MOVE = YES;
				CLANG_WARN_UNGUARDED_AVAILABILITY = YES_AGGRESSIVE;
				CLANG_WARN_UNREACHABLE_CODE = YES;
				CLANG_WARN__DUPLICATE_METHOD_MATCH = YES;
				COPY_PHASE_STRIP = NO;
				DEBUG_INFORMATION_FORMAT = dwarf;
				DEVELOPMENT_TEAM = 9RH4L8S898;
				ENABLE_STRICT_OBJC_MSGSEND = YES;
				ENABLE_TESTABILITY = YES;
				ENABLE_USER_SCRIPT_SANDBOXING = YES;
				GCC_C_LANGUAGE_STANDARD = gnu17;
				GCC_DYNAMIC_NO_PIC = NO;
				GCC_NO_COMMON_BLOCKS = YES;
				GCC_OPTIMIZATION_LEVEL = 0;
				GCC_PREPROCESSOR_DEFINITIONS = (
					"DEBUG=1",
					"$(inherited)",
				);
				GCC_WARN_64_TO_32_BIT_CONVERSION = YES;
				GCC_WARN_ABOUT_RETURN_TYPE = YES_ERROR;
				GCC_WARN_UNDECLARED_SELECTOR = YES;
				GCC_WARN_UNINITIALIZED_AUTOS = YES_AGGRESSIVE;
				GCC_WARN_UNUSED_FUNCTION = YES;
				GCC_WARN_UNUSED_VARIABLE = YES;
				IPHONEOS_DEPLOYMENT_TARGET = 26.0;
				LOCALIZATION_PREFERS_STRING_CATALOGS = YES;
				MTL_ENABLE_DEBUG_INFO = INCLUDE_SOURCE;
				MTL_FAST_MATH = YES;
				ONLY_ACTIVE_ARCH = YES;
				SDKROOT = iphoneos;
				SWIFT_ACTIVE_COMPILATION_CONDITIONS = "DEBUG $(inherited)";
				SWIFT_OPTIMIZATION_LEVEL = "-Onone";
			};
			name = Debug;
		};
		0407AE822E4CCDDD00325366 /* Release */ = {
			isa = XCBuildConfiguration;
			buildSettings = {
				ALWAYS_SEARCH_USER_PATHS = NO;
				ASSETCATALOG_COMPILER_GENERATE_SWIFT_ASSET_SYMBOL_EXTENSIONS = YES;
				CLANG_ANALYZER_NONNULL = YES;
				CLANG_ANALYZER_NUMBER_OBJECT_CONVERSION = YES_AGGRESSIVE;
				CLANG_CXX_LANGUAGE_STANDARD = "gnu++20";
				CLANG_ENABLE_MODULES = YES;
				CLANG_ENABLE_OBJC_ARC = YES;
				CLANG_ENABLE_OBJC_WEAK = YES;
				CLANG_WARN_BLOCK_CAPTURE_AUTORELEASING = YES;
				CLANG_WARN_BOOL_CONVERSION = YES;
				CLANG_WARN_COMMA = YES;
				CLANG_WARN_CONSTANT_CONVERSION = YES;
				CLANG_WARN_DEPRECATED_OBJC_IMPLEMENTATIONS = YES;
				CLANG_WARN_DIRECT_OBJC_ISA_USAGE = YES_ERROR;
				CLANG_WARN_DOCUMENTATION_COMMENTS = YES;
				CLANG_WARN_EMPTY_BODY = YES;
				CLANG_WARN_ENUM_CONVERSION = YES;
				CLANG_WARN_INFINITE_RECURSION = YES;
				CLANG_WARN_INT_CONVERSION = YES;
				CLANG_WARN_NON_LITERAL_NULL_CONVERSION = YES;
				CLANG_WARN_OBJC_IMPLICIT_RETAIN_SELF = YES;
				CLANG_WARN_OBJC_LITERAL_CONVERSION = YES;
				CLANG_WARN_OBJC_ROOT_CLASS = YES_ERROR;
				CLANG_WARN_QUOTED_INCLUDE_IN_FRAMEWORK_HEADER = YES;
				CLANG_WARN_RANGE_LOOP_ANALYSIS = YES;
				CLANG_WARN_STRICT_PROTOTYPES = YES;
				CLANG_WARN_SUSPICIOUS_MOVE = YES;
				CLANG_WARN_UNGUARDED_AVAILABILITY = YES_AGGRESSIVE;
				CLANG_WARN_UNREACHABLE_CODE = YES;
				CLANG_WARN__DUPLICATE_METHOD_MATCH = YES;
				COPY_PHASE_STRIP = NO;
				DEBUG_INFORMATION_FORMAT = "dwarf-with-dsym";
				DEVELOPMENT_TEAM = 9RH4L8S898;
				ENABLE_NS_ASSERTIONS = NO;
				ENABLE_STRICT_OBJC_MSGSEND = YES;
				ENABLE_USER_SCRIPT_SANDBOXING = YES;
				GCC_C_LANGUAGE_STANDARD = gnu17;
				GCC_NO_COMMON_BLOCKS = YES;
				GCC_WARN_64_TO_32_BIT_CONVERSION = YES;
				GCC_WARN_ABOUT_RETURN_TYPE = YES_ERROR;
				GCC_WARN_UNDECLARED_SELECTOR = YES;
				GCC_WARN_UNINITIALIZED_AUTOS = YES_AGGRESSIVE;
				GCC_WARN_UNUSED_FUNCTION = YES;
				GCC_WARN_UNUSED_VARIABLE = YES;
				IPHONEOS_DEPLOYMENT_TARGET = 26.0;
				LOCALIZATION_PREFERS_STRING_CATALOGS = YES;
				MTL_ENABLE_DEBUG_INFO = NO;
				MTL_FAST_MATH = YES;
				SDKROOT = iphoneos;
				SWIFT_COMPILATION_MODE = wholemodule;
				VALIDATE_PRODUCT = YES;
			};
			name = Release;
		};
		0407AE842E4CCDDD00325366 /* Debug */ = {
			isa = XCBuildConfiguration;
			buildSettings = {
				ASSETCATALOG_COMPILER_APPICON_NAME = AppIcon;
				ASSETCATALOG_COMPILER_GLOBAL_ACCENT_COLOR_NAME = AccentColor;
				CODE_SIGN_STYLE = Automatic;
				CURRENT_PROJECT_VERSION = 1;
				DEVELOPMENT_TEAM = 9RH4L8S898;
				ENABLE_PREVIEWS = YES;
				GENERATE_INFOPLIST_FILE = YES;
				INFOPLIST_KEY_UIApplicationSceneManifest_Generation = YES;
				INFOPLIST_KEY_UIApplicationSupportsIndirectInputEvents = YES;
				INFOPLIST_KEY_UILaunchScreen_Generation = YES;
				INFOPLIST_KEY_UISupportedInterfaceOrientations_iPad = "UIInterfaceOrientationPortrait UIInterfaceOrientationPortraitUpsideDown UIInterfaceOrientationLandscapeLeft UIInterfaceOrientationLandscapeRight";
				INFOPLIST_KEY_UISupportedInterfaceOrientations_iPhone = "UIInterfaceOrientationPortrait UIInterfaceOrientationLandscapeLeft UIInterfaceOrientationLandscapeRight";
				LD_RUNPATH_SEARCH_PATHS = (
					"$(inherited)",
					"@executable_path/Frameworks",
				);
				MARKETING_VERSION = 1.0;
				PRODUCT_BUNDLE_IDENTIFIER = nielubowicz.CombatManager;
				PRODUCT_NAME = "$(TARGET_NAME)";
				STRING_CATALOG_GENERATE_SYMBOLS = YES;
				SWIFT_APPROACHABLE_CONCURRENCY = YES;
				SWIFT_DEFAULT_ACTOR_ISOLATION = MainActor;
				SWIFT_EMIT_LOC_STRINGS = YES;
				SWIFT_UPCOMING_FEATURE_MEMBER_IMPORT_VISIBILITY = YES;
				SWIFT_VERSION = 5.0;
				TARGETED_DEVICE_FAMILY = "1,2";
			};
			name = Debug;
		};
		0407AE852E4CCDDD00325366 /* Release */ = {
			isa = XCBuildConfiguration;
			buildSettings = {
				ASSETCATALOG_COMPILER_APPICON_NAME = AppIcon;
				ASSETCATALOG_COMPILER_GLOBAL_ACCENT_COLOR_NAME = AccentColor;
				CODE_SIGN_STYLE = Automatic;
				CURRENT_PROJECT_VERSION = 1;
				DEVELOPMENT_TEAM = 9RH4L8S898;
				ENABLE_PREVIEWS = YES;
				GENERATE_INFOPLIST_FILE = YES;
				INFOPLIST_KEY_UIApplicationSceneManifest_Generation = YES;
				INFOPLIST_KEY_UIApplicationSupportsIndirectInputEvents = YES;
				INFOPLIST_KEY_UILaunchScreen_Generation = YES;
				INFOPLIST_KEY_UISupportedInterfaceOrientations_iPad = "UIInterfaceOrientationPortrait UIInterfaceOrientationPortraitUpsideDown UIInterfaceOrientationLandscapeLeft UIInterfaceOrientationLandscapeRight";
				INFOPLIST_KEY_UISupportedInterfaceOrientations_iPhone = "UIInterfaceOrientationPortrait UIInterfaceOrientationLandscapeLeft UIInterfaceOrientationLandscapeRight";
				LD_RUNPATH_SEARCH_PATHS = (
					"$(inherited)",
					"@executable_path/Frameworks",
				);
				MARKETING_VERSION = 1.0;
				PRODUCT_BUNDLE_IDENTIFIER = nielubowicz.CombatManager;
				PRODUCT_NAME = "$(TARGET_NAME)";
				STRING_CATALOG_GENERATE_SYMBOLS = YES;
				SWIFT_APPROACHABLE_CONCURRENCY = YES;
				SWIFT_DEFAULT_ACTOR_ISOLATION = MainActor;
				SWIFT_EMIT_LOC_STRINGS = YES;
				SWIFT_UPCOMING_FEATURE_MEMBER_IMPORT_VISIBILITY = YES;
				SWIFT_VERSION = 5.0;
				TARGETED_DEVICE_FAMILY = "1,2";
			};
			name = Release;
		};
		0407AE872E4CCDDD00325366 /* Debug */ = {
			isa = XCBuildConfiguration;
			buildSettings = {
				BUNDLE_LOADER = "$(TEST_HOST)";
				CODE_SIGN_STYLE = Automatic;
				CURRENT_PROJECT_VERSION = 1;
				DEVELOPMENT_TEAM = 9RH4L8S898;
				GENERATE_INFOPLIST_FILE = YES;
				IPHONEOS_DEPLOYMENT_TARGET = 26.0;
				MARKETING_VERSION = 1.0;
				PRODUCT_BUNDLE_IDENTIFIER = nielubowicz.CombatManagerTests;
				PRODUCT_NAME = "$(TARGET_NAME)";
				STRING_CATALOG_GENERATE_SYMBOLS = NO;
				SWIFT_APPROACHABLE_CONCURRENCY = YES;
				SWIFT_EMIT_LOC_STRINGS = NO;
				SWIFT_UPCOMING_FEATURE_MEMBER_IMPORT_VISIBILITY = YES;
				SWIFT_VERSION = 5.0;
				TARGETED_DEVICE_FAMILY = "1,2";
				TEST_HOST = "$(BUILT_PRODUCTS_DIR)/CombatManager.app/$(BUNDLE_EXECUTABLE_FOLDER_PATH)/CombatManager";
			};
			name = Debug;
		};
		0407AE882E4CCDDD00325366 /* Release */ = {
			isa = XCBuildConfiguration;
			buildSettings = {
				BUNDLE_LOADER = "$(TEST_HOST)";
				CODE_SIGN_STYLE = Automatic;
				CURRENT_PROJECT_VERSION = 1;
				DEVELOPMENT_TEAM = 9RH4L8S898;
				GENERATE_INFOPLIST_FILE = YES;
				IPHONEOS_DEPLOYMENT_TARGET = 26.0;
				MARKETING_VERSION = 1.0;
				PRODUCT_BUNDLE_IDENTIFIER = nielubowicz.CombatManagerTests;
				PRODUCT_NAME = "$(TARGET_NAME)";
				STRING_CATALOG_GENERATE_SYMBOLS = NO;
				SWIFT_APPROACHABLE_CONCURRENCY = YES;
				SWIFT_EMIT_LOC_STRINGS = NO;
				SWIFT_UPCOMING_FEATURE_MEMBER_IMPORT_VISIBILITY = YES;
				SWIFT_VERSION = 5.0;
				TARGETED_DEVICE_FAMILY = "1,2";
				TEST_HOST = "$(BUILT_PRODUCTS_DIR)/CombatManager.app/$(BUNDLE_EXECUTABLE_FOLDER_PATH)/CombatManager";
			};
			name = Release;
		};
		0407AE8A2E4CCDDD00325366 /* Debug */ = {
			isa = XCBuildConfiguration;
			buildSettings = {
				CODE_SIGN_STYLE = Automatic;
				CURRENT_PROJECT_VERSION = 1;
				DEVELOPMENT_TEAM = 9RH4L8S898;
				GENERATE_INFOPLIST_FILE = YES;
				MARKETING_VERSION = 1.0;
				PRODUCT_BUNDLE_IDENTIFIER = nielubowicz.CombatManagerUITests;
				PRODUCT_NAME = "$(TARGET_NAME)";
				STRING_CATALOG_GENERATE_SYMBOLS = NO;
				SWIFT_APPROACHABLE_CONCURRENCY = YES;
				SWIFT_EMIT_LOC_STRINGS = NO;
				SWIFT_UPCOMING_FEATURE_MEMBER_IMPORT_VISIBILITY = YES;
				SWIFT_VERSION = 5.0;
				TARGETED_DEVICE_FAMILY = "1,2";
				TEST_TARGET_NAME = CombatManager;
			};
			name = Debug;
		};
		0407AE8B2E4CCDDD00325366 /* Release */ = {
			isa = XCBuildConfiguration;
			buildSettings = {
				CODE_SIGN_STYLE = Automatic;
				CURRENT_PROJECT_VERSION = 1;
				DEVELOPMENT_TEAM = 9RH4L8S898;
				GENERATE_INFOPLIST_FILE = YES;
				MARKETING_VERSION = 1.0;
				PRODUCT_BUNDLE_IDENTIFIER = nielubowicz.CombatManagerUITests;
				PRODUCT_NAME = "$(TARGET_NAME)";
				STRING_CATALOG_GENERATE_SYMBOLS = NO;
				SWIFT_APPROACHABLE_CONCURRENCY = YES;
				SWIFT_EMIT_LOC_STRINGS = NO;
				SWIFT_UPCOMING_FEATURE_MEMBER_IMPORT_VISIBILITY = YES;
				SWIFT_VERSION = 5.0;
				TARGETED_DEVICE_FAMILY = "1,2";
				TEST_TARGET_NAME = CombatManager;
			};
			name = Release;
		};
/* End XCBuildConfiguration section */

/* Begin XCConfigurationList section */
		0407AE5B2E4CCDDB00325366 /* Build configuration list for PBXProject "CombatManager" */ = {
			isa = XCConfigurationList;
			buildConfigurations = (
				0407AE812E4CCDDD00325366 /* Debug */,
				0407AE822E4CCDDD00325366 /* Release */,
			);
			defaultConfigurationIsVisible = 0;
			defaultConfigurationName = Release;
		};
		0407AE832E4CCDDD00325366 /* Build configuration list for PBXNativeTarget "CombatManager" */ = {
			isa = XCConfigurationList;
			buildConfigurations = (
				0407AE842E4CCDDD00325366 /* Debug */,
				0407AE852E4CCDDD00325366 /* Release */,
			);
			defaultConfigurationIsVisible = 0;
			defaultConfigurationName = Release;
		};
		0407AE862E4CCDDD00325366 /* Build configuration list for PBXNativeTarget "CombatManagerTests" */ = {
			isa = XCConfigurationList;
			buildConfigurations = (
				0407AE872E4CCDDD00325366 /* Debug */,
				0407AE882E4CCDDD00325366 /* Release */,
			);
			defaultConfigurationIsVisible = 0;
			defaultConfigurationName = Release;
		};
		0407AE892E4CCDDD00325366 /* Build configuration list for PBXNativeTarget "CombatManagerUITests" */ = {
			isa = XCConfigurationList;
			buildConfigurations = (
				0407AE8A2E4CCDDD00325366 /* Debug */,
				0407AE8B2E4CCDDD00325366 /* Release */,
			);
			defaultConfigurationIsVisible = 0;
			defaultConfigurationName = Release;
		};
/* End XCConfigurationList section */

/* Begin XCLocalSwiftPackageReference section */
		0407AE8C2E4CCE4100325366 /* XCLocalSwiftPackageReference "../DependencyInjection" */ = {
			isa = XCLocalSwiftPackageReference;
			relativePath = ../DependencyInjection;
		};
/* End XCLocalSwiftPackageReference section */

/* Begin XCSwiftPackageProductDependency section */
		0407AE8D2E4CCE4200325366 /* DependencyInjection */ = {
			isa = XCSwiftPackageProductDependency;
			productName = DependencyInjection;
		};
/* End XCSwiftPackageProductDependency section */
	};
	rootObject = 0407AE582E4CCDDB00325366 /* Project object */;
}
